# THIS IS AN AUTOGENERATED FILE. DO NOT EDIT THIS FILE DIRECTLY.
# yarn lockfile v1


is-negative@1.0.0:
  version "1.0.0"
  resolved "https://registry.yarnpkg.com/is-negative/-/is-negative-1.0.0.tgz#7259877a83c800ac3191dd7b9d9fbcd0f752d4fe"
  integrity sha1-clmHeoPIAKwxkd17nZ+80PdS1P4=

is-positive@1.0.0:
  version "1.0.0"
  resolved "https://registry.yarnpkg.com/is-positive/-/is-positive-1.0.0.tgz#88009856b64a2f1eb7d8bb0179418424ae0452cb"
  integrity sha1-iACYVrZKLx632LsBeUGEJK4EUss=
